
Microsoft Visual Studio Solution File, Format Version 12.00
# Visual Studio Version 16
VisualStudioVersion = 16.0.30320.27
MinimumVisualStudioVersion = 10.0.40219.1
Project("{9A19103F-16F7-4668-BE54-9A1E7A4F7556}") = "Producer", "Producer\Producer.csproj", "{84A110A7-620D-415D-852B-5597CAD9635A}"
EndProject
Project("{9A19103F-16F7-4668-BE54-9A1E7A4F7556}") = "Consumer", "Consumer\Consumer.csproj", "{C72A1D30-0BD0-44BA-ADC6-38DD0A765034}"
EndProject
Project("{9A19103F-16F7-4668-BE54-9A1E7A4F7556}") = "Core", "Core\Core.csproj", "{1780BE0A-DABB-4F16-A9BE-22A908AF622B}"
EndProject
Project("{FAE04EC0-301F-11D3-BF4B-00C04F79EFBC}") = "RabbitUtil", "RabbitUtil\RabbitUtil.csproj", "{B4897AA5-7AF7-4164-AE06-D2E16A6F0A94}"
EndProject
Global
	GlobalSection(SolutionConfigurationPlatforms) = preSolution
		Debug|Any CPU = Debug|Any CPU
		Release|Any CPU = Release|Any CPU
	EndGlobalSection
	GlobalSection(ProjectConfigurationPlatforms) = postSolution
		{84A110A7-620D-415D-852B-5597CAD9635A}.Debug|Any CPU.ActiveCfg = Debug|Any CPU
		{84A110A7-620D-415D-852B-5597CAD9635A}.Debug|Any CPU.Build.0 = Debug|Any CPU
		{84A110A7-620D-415D-852B-5597CAD9635A}.Release|Any CPU.ActiveCfg = Release|Any CPU
		{84A110A7-620D-415D-852B-5597CAD9635A}.Release|Any CPU.Build.0 = Release|Any CPU
		{C72A1D30-0BD0-44BA-ADC6-38DD0A765034}.Debug|Any CPU.ActiveCfg = Debug|Any CPU
		{C72A1D30-0BD0-44BA-ADC6-38DD0A765034}.Debug|Any CPU.Build.0 = Debug|Any CPU
		{C72A1D30-0BD0-44BA-ADC6-38DD0A765034}.Release|Any CPU.ActiveCfg = Release|Any CPU
		{C72A1D30-0BD0-44BA-ADC6-38DD0A765034}.Release|Any CPU.Build.0 = Release|Any CPU
		{1780BE0A-DABB-4F16-A9BE-22A908AF622B}.Debug|Any CPU.ActiveCfg = Debug|Any CPU
		{1780BE0A-DABB-4F16-A9BE-22A908AF622B}.Debug|Any CPU.Build.0 = Debug|Any CPU
		{1780BE0A-DABB-4F16-A9BE-22A908AF622B}.Release|Any CPU.ActiveCfg = Release|Any CPU
		{1780BE0A-DABB-4F16-A9BE-22A908AF622B}.Release|Any CPU.Build.0 = Release|Any CPU
		{B4897AA5-7AF7-4164-AE06-D2E16A6F0A94}.Debug|Any CPU.ActiveCfg = Debug|Any CPU
		{B4897AA5-7AF7-4164-AE06-D2E16A6F0A94}.Debug|Any CPU.Build.0 = Debug|Any CPU
		{B4897AA5-7AF7-4164-AE06-D2E16A6F0A94}.Release|Any CPU.ActiveCfg = Release|Any CPU
		{B4897AA5-7AF7-4164-AE06-D2E16A6F0A94}.Release|Any CPU.Build.0 = Release|Any CPU
	EndGlobalSection
	GlobalSection(SolutionProperties) = preSolution
		HideSolutionNode = FALSE
	EndGlobalSection
	GlobalSection(ExtensibilityGlobals) = postSolution
		SolutionGuid = {4BCAEE7D-A2D0-433B-A22A-019CF51360BC}
	EndGlobalSection
EndGlobal
